
Microsoft Visual Studio Solution File, Format Version 12.00
# Visual Studio Version 17
VisualStudioVersion = 17.7.34031.279
MinimumVisualStudioVersion = 10.0.40219.1
Project("{9A19103F-16F7-4668-BE54-9A1E7A4F7556}") = "Composer", "Composer\Composer.csproj", "{FBAB9436-D292-4F02-86F9-D52B03471697}"
EndProject
Project("{9A19103F-16F7-4668-BE54-9A1E7A4F7556}") = "CodingChallenges", "CodingChallenges\CodingChallenges.csproj", "{13023425-FAEF-424D-970F-BA9CE1B05864}"
EndProject
Project("{9A19103F-16F7-4668-BE54-9A1E7A4F7556}") = "GuessingGame", "GuessingGame\GuessingGame.csproj", "{8391F398-4EDC-46C4-929F-87589D9A7B37}"
EndProject
Project("{9A19103F-16F7-4668-BE54-9A1E7A4F7556}") = "Race", "Race\Race.csproj", "{6704ADC1-B98C-4D55-8349-2CF89CDB19FE}"
EndProject
Project("{9A19103F-16F7-4668-BE54-9A1E7A4F7556}") = "TwentyOne", "TwentyOne\TwentyOne.csproj", "{4BB7536E-2289-469D-A58E-C65B23C09E89}"
EndProject
Project("{9A19103F-16F7-4668-BE54-9A1E7A4F7556}") = "Checkers", "Checkers\Checkers.csproj", "{A4160250-82CA-466E-99C5-11E741F1E8DE}"
EndProject
Project("{9A19103F-16F7-4668-BE54-9A1E7A4F7556}") = "Chess", "Chess\Chess.csproj", "{9B651230-C251-4AB6-9C46-BC7BA467E97D}"
EndProject
Global
	GlobalSection(SolutionConfigurationPlatforms) = preSolution
		Debug|Any CPU = Debug|Any CPU
		Release|Any CPU = Release|Any CPU
	EndGlobalSection
	GlobalSection(ProjectConfigurationPlatforms) = postSolution
		{FBAB9436-D292-4F02-86F9-D52B03471697}.Debug|Any CPU.ActiveCfg = Debug|Any CPU
		{FBAB9436-D292-4F02-86F9-D52B03471697}.Debug|Any CPU.Build.0 = Debug|Any CPU
		{FBAB9436-D292-4F02-86F9-D52B03471697}.Release|Any CPU.ActiveCfg = Release|Any CPU
		{FBAB9436-D292-4F02-86F9-D52B03471697}.Release|Any CPU.Build.0 = Release|Any CPU
		{13023425-FAEF-424D-970F-BA9CE1B05864}.Debug|Any CPU.ActiveCfg = Debug|Any CPU
		{13023425-FAEF-424D-970F-BA9CE1B05864}.Debug|Any CPU.Build.0 = Debug|Any CPU
		{13023425-FAEF-424D-970F-BA9CE1B05864}.Release|Any CPU.ActiveCfg = Release|Any CPU
		{13023425-FAEF-424D-970F-BA9CE1B05864}.Release|Any CPU.Build.0 = Release|Any CPU
		{8391F398-4EDC-46C4-929F-87589D9A7B37}.Debug|Any CPU.ActiveCfg = Debug|Any CPU
		{8391F398-4EDC-46C4-929F-87589D9A7B37}.Debug|Any CPU.Build.0 = Debug|Any CPU
		{8391F398-4EDC-46C4-929F-87589D9A7B37}.Release|Any CPU.ActiveCfg = Release|Any CPU
		{8391F398-4EDC-46C4-929F-87589D9A7B37}.Release|Any CPU.Build.0 = Release|Any CPU
		{6704ADC1-B98C-4D55-8349-2CF89CDB19FE}.Debug|Any CPU.ActiveCfg = Debug|Any CPU
		{6704ADC1-B98C-4D55-8349-2CF89CDB19FE}.Debug|Any CPU.Build.0 = Debug|Any CPU
		{6704ADC1-B98C-4D55-8349-2CF89CDB19FE}.Release|Any CPU.ActiveCfg = Release|Any CPU
		{6704ADC1-B98C-4D55-8349-2CF89CDB19FE}.Release|Any CPU.Build.0 = Release|Any CPU
		{4BB7536E-2289-469D-A58E-C65B23C09E89}.Debug|Any CPU.ActiveCfg = Debug|Any CPU
		{4BB7536E-2289-469D-A58E-C65B23C09E89}.Debug|Any CPU.Build.0 = Debug|Any CPU
		{4BB7536E-2289-469D-A58E-C65B23C09E89}.Release|Any CPU.ActiveCfg = Release|Any CPU
		{4BB7536E-2289-469D-A58E-C65B23C09E89}.Release|Any CPU.Build.0 = Release|Any CPU
		{A4160250-82CA-466E-99C5-11E741F1E8DE}.Debug|Any CPU.ActiveCfg = Debug|Any CPU
		{A4160250-82CA-466E-99C5-11E741F1E8DE}.Debug|Any CPU.Build.0 = Debug|Any CPU
		{A4160250-82CA-466E-99C5-11E741F1E8DE}.Release|Any CPU.ActiveCfg = Release|Any CPU
		{A4160250-82CA-466E-99C5-11E741F1E8DE}.Release|Any CPU.Build.0 = Release|Any CPU
		{9B651230-C251-4AB6-9C46-BC7BA467E97D}.Debug|Any CPU.ActiveCfg = Debug|Any CPU
		{9B651230-C251-4AB6-9C46-BC7BA467E97D}.Debug|Any CPU.Build.0 = Debug|Any CPU
		{9B651230-C251-4AB6-9C46-BC7BA467E97D}.Release|Any CPU.ActiveCfg = Release|Any CPU
		{9B651230-C251-4AB6-9C46-BC7BA467E97D}.Release|Any CPU.Build.0 = Release|Any CPU
	EndGlobalSection
	GlobalSection(SolutionProperties) = preSolution
		HideSolutionNode = FALSE
	EndGlobalSection
	GlobalSection(ExtensibilityGlobals) = postSolution
		SolutionGuid = {58D87FC2-9139-4259-A676-0D54C47B7C1F}
	EndGlobalSection
EndGlobal
